
Microsoft Visual Studio Solution File, Format Version 12.00
# Visual Studio 15
VisualStudioVersion = 15.0.28307.539
MinimumVisualStudioVersion = 10.0.40219.1
Project("{FAE04EC0-301F-11D3-BF4B-00C04F79EFBC}") = "atarukun", "atarukun.csproj", "{6B1B32FE-9102-4847-B545-793B8636E37F}"
EndProject
Global
	GlobalSection(SolutionConfigurationPlatforms) = preSolution
		Debug|Any CPU = Debug|Any CPU
		Release|Any CPU = Release|Any CPU
	EndGlobalSection
	GlobalSection(ProjectConfigurationPlatforms) = postSolution
		{6B1B32FE-9102-4847-B545-793B8636E37F}.Debug|Any CPU.ActiveCfg = Debug|Any CPU
		{6B1B32FE-9102-4847-B545-793B8636E37F}.Debug|Any CPU.Build.0 = Debug|Any CPU
		{6B1B32FE-9102-4847-B545-793B8636E37F}.Release|Any CPU.ActiveCfg = Release|Any CPU
		{6B1B32FE-9102-4847-B545-793B8636E37F}.Release|Any CPU.Build.0 = Release|Any CPU
	EndGlobalSection
	GlobalSection(SolutionProperties) = preSolution
		HideSolutionNode = FALSE
	EndGlobalSection
	GlobalSection(ExtensibilityGlobals) = postSolution
		SolutionGuid = {A8056CD4-6419-47A5-BE68-6382E429B456}
	EndGlobalSection
EndGlobal
